// !$*UTF8*$!
{
	archiveVersion = 1;
	classes = {
	};
	objectVersion = 46;
	objects = {

/* Begin PBXBuildFile section */
		4042CCC61D54426200007A87 /* AppDelegate.swift in Sources */ = {isa = PBXBuildFile; fileRef = 4042CCC51D54426200007A87 /* AppDelegate.swift */; };
		4042CCC81D54426200007A87 /* ViewController.swift in Sources */ = {isa = PBXBuildFile; fileRef = 4042CCC71D54426200007A87 /* ViewController.swift */; };
		4042CCCB1D54426200007A87 /* Main.storyboard in Resources */ = {isa = PBXBuildFile; fileRef = 4042CCC91D54426200007A87 /* Main.storyboard */; };
		4042CCCD1D54426200007A87 /* Assets.xcassets in Resources */ = {isa = PBXBuildFile; fileRef = 4042CCCC1D54426200007A87 /* Assets.xcassets */; };
		4042CCD01D54426200007A87 /* LaunchScreen.storyboard in Resources */ = {isa = PBXBuildFile; fileRef = 4042CCCE1D54426200007A87 /* LaunchScreen.storyboard */; };
		4042CCD81D5442D000007A87 /* CoreLocation.framework in Frameworks */ = {isa = PBXBuildFile; fileRef = 4042CCD71D5442D000007A87 /* CoreLocation.framework */; };
/* End PBXBuildFile section */

/* Begin PBXFileReference section */
		4042CCC21D54426200007A87 /* Where Am I.app */ = {isa = PBXFileReference; explicitFileType = wrapper.application; includeInIndex = 0; path = "Where Am I.app"; sourceTree = BUILT_PRODUCTS_DIR; };
		4042CCC51D54426200007A87 /* AppDelegate.swift */ = {isa = PBXFileReference; lastKnownFileType = sourcecode.swift; path = AppDelegate.swift; sourceTree = "<group>"; };
		4042CCC71D54426200007A87 /* ViewController.swift */ = {isa = PBXFileReference; lastKnownFileType = sourcecode.swift; path = ViewController.swift; sourceTree = "<group>"; };
		4042CCCA1D54426200007A87 /* Base */ = {isa = PBXFileReference; lastKnownFileType = file.storyboard; name = Base; path = Base.lproj/Main.storyboard; sourceTree = "<group>"; };
		4042CCCC1D54426200007A87 /* Assets.xcassets */ = {isa = PBXFileReference; lastKnownFileType = folder.assetcatalog; path = Assets.xcassets; sourceTree = "<group>"; };
		4042CCCF1D54426200007A87 /* Base */ = {isa = PBXFileReference; lastKnownFileType = file.storyboard; name = Base; path = Base.lproj/LaunchScreen.storyboard; sourceTree = "<group>"; };
		4042CCD11D54426200007A87 /* Info.plist */ = {isa = PBXFileReference; lastKnownFileType = text.plist.xml; path = Info.plist; sourceTree = "<group>"; };
		4042CCD71D5442D000007A87 /* CoreLocation.framework */ = {isa = PBXFileReference; lastKnownFileType = wrapper.framework; name = CoreLocation.framework; path = System/Library/Frameworks/CoreLocation.framework; sourceTree = SDKROOT; };
/* End PBXFileReference section */

/* Begin PBXFrameworksBuildPhase section */
		4042CCBF1D54426200007A87 /* Frameworks */ = {
			isa = PBXFrameworksBuildPhase;
			buildActionMask = 2147483647;
			files = (
				4042CCD81D5442D000007A87 /* CoreLocation.framework in Frameworks */,
			);
			runOnlyForDeploymentPostprocessing = 0;
		};
/* End PBXFrameworksBuildPhase section */

/* Begin PBXGroup section */
		4042CCB91D54426200007A87 = {
			isa = PBXGroup;
			children = (
				4042CCD71D5442D000007A87 /* CoreLocation.framework */,
				4042CCC41D54426200007A87 /* Where Am I */,
				4042CCC31D54426200007A87 /* Products */,
			);
			sourceTree = "<group>";
		};
		4042CCC31D54426200007A87 /* Products */ = {
			isa = PBXGroup;
			children = (
				4042CCC21D54426200007A87 /* Where Am I.app */,
			);
			name = Products;
			sourceTree = "<group>";
		};
		4042CCC41D54426200007A87 /* Where Am I */ = {
			isa = PBXGroup;
			children = (
				4042CCC51D54426200007A87 /* AppDelegate.swift */,
				4042CCC71D54426200007A87 /* ViewController.swift */,
				4042CCC91D54426200007A87 /* Main.storyboard */,
				4042CCCC1D54426200007A87 /* Assets.xcassets */,
				4042CCCE1D54426200007A87 /* LaunchScreen.storyboard */,
				4042CCD11D54426200007A87 /* Info.plist */,
			);
			path = "Where Am I";
			sourceTree = "<group>";
		};
/* End PBXGroup section */

/* Begin PBXNativeTarget section */
		4042CCC11D54426200007A87 /* Where Am I */ = {
			isa = PBXNativeTarget;
			buildConfigurationList = 4042CCD41D54426200007A87 /* Build configuration list for PBXNativeTarget "Where Am I" */;
			buildPhases = (
				4042CCBE1D54426200007A87 /* Sources */,
				4042CCBF1D54426200007A87 /* Frameworks */,
				4042CCC01D54426200007A87 /* Resources */,
			);
			buildRules = (
			);
			dependencies = (
			);
			name = "Where Am I";
			productName = "Where Am I";
			productReference = 4042CCC21D54426200007A87 /* Where Am I.app */;
			productType = "com.apple.product-type.application";
		};
/* End PBXNativeTarget section */

/* Begin PBXProject section */
		4042CCBA1D54426200007A87 /* Project object */ = {
			isa = PBXProject;
			attributes = {
				LastSwiftUpdateCheck = 0730;
				LastUpgradeCheck = 0730;
				ORGANIZATIONNAME = was1paulina;
				TargetAttributes = {
					4042CCC11D54426200007A87 = {
						CreatedOnToolsVersion = 7.3;
					};
				};
			};
			buildConfigurationList = 4042CCBD1D54426200007A87 /* Build configuration list for PBXProject "Where Am I" */;
			compatibilityVersion = "Xcode 3.2";
			developmentRegion = English;
			hasScannedForEncodings = 0;
			knownRegions = (
				en,
				Base,
			);
			mainGroup = 4042CCB91D54426200007A87;
			productRefGroup = 4042CCC31D54426200007A87 /* Products */;
			projectDirPath = "";
			projectRoot = "";
			targets = (
				4042CCC11D54426200007A87 /* Where Am I */,
			);
		};
/* End PBXProject section */

/* Begin PBXResourcesBuildPhase section */
		4042CCC01D54426200007A87 /* Resources */ = {
			isa = PBXResourcesBuildPhase;
			buildActionMask = 2147483647;
			files = (
				4042CCD01D54426200007A87 /* LaunchScreen.storyboard in Resources */,
				4042CCCD1D54426200007A87 /* Assets.xcassets in Resources */,
				4042CCCB1D54426200007A87 /* Main.storyboard in Resources */,
			);
			runOnlyForDeploymentPostprocessing = 0;
		};
/* End PBXResourcesBuildPhase section */

/* Begin PBXSourcesBuildPhase section */
		4042CCBE1D54426200007A87 /* Sources */ = {
			isa = PBXSourcesBuildPhase;
			buildActionMask = 2147483647;
			files = (
				4042CCC81D54426200007A87 /* ViewController.swift in Sources */,
				4042CCC61D54426200007A87 /* AppDelegate.swift in Sources */,
			);
			runOnlyForDeploymentPostprocessing = 0;
		};
/* End PBXSourcesBuildPhase section */

/* Begin PBXVariantGroup section */
		4042CCC91D54426200007A87 /* Main.storyboard */ = {
			isa = PBXVariantGroup;
			children = (
				4042CCCA1D54426200007A87 /* Base */,
			);
			name = Main.storyboard;
			sourceTree = "<group>";
		};
		4042CCCE1D54426200007A87 /* LaunchScreen.storyboard */ = {
			isa = PBXVariantGroup;
			children = (
				4042CCCF1D54426200007A87 /* Base */,
			);
			name = LaunchScreen.storyboard;
			sourceTree = "<group>";
		};
/* End PBXVariantGroup section */

/* Begin XCBuildConfiguration section */
		4042CCD21D54426200007A87 /* Debug */ = {
			isa = XCBuildConfiguration;
			buildSettings = {
				ALWAYS_SEARCH_USER_PATHS = NO;
				CLANG_ANALYZER_NONNULL = YES;
				CLANG_CXX_LANGUAGE_STANDARD = "gnu++0x";
				CLANG_CXX_LIBRARY = "libc++";
				CLANG_ENABLE_MODULES = YES;
				CLANG_ENABLE_OBJC_ARC = YES;
				CLANG_WARN_BOOL_CONVERSION = YES;
				CLANG_WARN_CONSTANT_CONVERSION = YES;
				CLANG_WARN_DIRECT_OBJC_ISA_USAGE = YES_ERROR;
				CLANG_WARN_EMPTY_BODY = YES;
				CLANG_WARN_ENUM_CONVERSION = YES;
				CLANG_WARN_INT_CONVERSION = YES;
				CLANG_WARN_OBJC_ROOT_CLASS = YES_ERROR;
				CLANG_WARN_UNREACHABLE_CODE = YES;
				CLANG_WARN__DUPLICATE_METHOD_MATCH = YES;
				"CODE_SIGN_IDENTITY[sdk=iphoneos*]" = "iPhone Developer";
				COPY_PHASE_STRIP = NO;
				DEBUG_INFORMATION_FORMAT = dwarf;
				ENABLE_STRICT_OBJC_MSGSEND = YES;
				ENABLE_TESTABILITY = YES;
				GCC_C_LANGUAGE_STANDARD = gnu99;
				GCC_DYNAMIC_NO_PIC = NO;
				GCC_NO_COMMON_BLOCKS = YES;
				GCC_OPTIMIZATION_LEVEL = 0;
				GCC_PREPROCESSOR_DEFINITIONS = (
					"DEBUG=1",
					"$(inherited)",
				);
				GCC_WARN_64_TO_32_BIT_CONVERSION = YES;
				GCC_WARN_ABOUT_RETURN_TYPE = YES_ERROR;
				GCC_WARN_UNDECLARED_SELECTOR = YES;
				GCC_WARN_UNINITIALIZED_AUTOS = YES_AGGRESSIVE;
				GCC_WARN_UNUSED_FUNCTION = YES;
				GCC_WARN_UNUSED_VARIABLE = YES;
				IPHONEOS_DEPLOYMENT_TARGET = 9.3;
				MTL_ENABLE_DEBUG_INFO = YES;
				ONLY_ACTIVE_ARCH = YES;
				SDKROOT = iphoneos;
				SWIFT_OPTIMIZATION_LEVEL = "-Onone";
			};
			name = Debug;
		};
		4042CCD31D54426200007A87 /* Release */ = {
			isa = XCBuildConfiguration;
			buildSettings = {
				ALWAYS_SEARCH_USER_PATHS = NO;
				CLANG_ANALYZER_NONNULL = YES;
				CLANG_CXX_LANGUAGE_STANDARD = "gnu++0x";
				CLANG_CXX_LIBRARY = "libc++";
				CLANG_ENABLE_MODULES = YES;
				CLANG_ENABLE_OBJC_ARC = YES;
				CLANG_WARN_BOOL_CONVERSION = YES;
				CLANG_WARN_CONSTANT_CONVERSION = YES;
				CLANG_WARN_DIRECT_OBJC_ISA_USAGE = YES_ERROR;
				CLANG_WARN_EMPTY_BODY = YES;
				CLANG_WARN_ENUM_CONVERSION = YES;
				CLANG_WARN_INT_CONVERSION = YES;
				CLANG_WARN_OBJC_ROOT_CLASS = YES_ERROR;
				CLANG_WARN_UNREACHABLE_CODE = YES;
				CLANG_WARN__DUPLICATE_METHOD_MATCH = YES;
				"CODE_SIGN_IDENTITY[sdk=iphoneos*]" = "iPhone Developer";
				COPY_PHASE_STRIP = NO;
				DEBUG_INFORMATION_FORMAT = "dwarf-with-dsym";
				ENABLE_NS_ASSERTIONS = NO;
				ENABLE_STRICT_OBJC_MSGSEND = YES;
				GCC_C_LANGUAGE_STANDARD = gnu99;
				GCC_NO_COMMON_BLOCKS = YES;
				GCC_WARN_64_TO_32_BIT_CONVERSION = YES;
				GCC_WARN_ABOUT_RETURN_TYPE = YES_ERROR;
				GCC_WARN_UNDECLARED_SELECTOR = YES;
				GCC_WARN_UNINITIALIZED_AUTOS = YES_AGGRESSIVE;
				GCC_WARN_UNUSED_FUNCTION = YES;
				GCC_WARN_UNUSED_VARIABLE = YES;
				IPHONEOS_DEPLOYMENT_TARGET = 9.3;
				MTL_ENABLE_DEBUG_INFO = NO;
				SDKROOT = iphoneos;
				VALIDATE_PRODUCT = YES;
			};
			name = Release;
		};
		4042CCD51D54426200007A87 /* Debug */ = {
			isa = XCBuildConfiguration;
			buildSettings = {
				ASSETCATALOG_COMPILER_APPICON_NAME = AppIcon;
				INFOPLIST_FILE = "Where Am I/Info.plist";
				LD_RUNPATH_SEARCH_PATHS = "$(inherited) @executable_path/Frameworks";
				PRODUCT_BUNDLE_IDENTIFIER = "com.was1paulina.Where-Am-I";
				PRODUCT_NAME = "$(TARGET_NAME)";
			};
			name = Debug;
		};
		4042CCD61D54426200007A87 /* Release */ = {
			isa = XCBuildConfiguration;
			buildSettings = {
				ASSETCATALOG_COMPILER_APPICON_NAME = AppIcon;
				INFOPLIST_FILE = "Where Am I/Info.plist";
				LD_RUNPATH_SEARCH_PATHS = "$(inherited) @executable_path/Frameworks";
				PRODUCT_BUNDLE_IDENTIFIER = "com.was1paulina.Where-Am-I";
				PRODUCT_NAME = "$(TARGET_NAME)";
			};
			name = Release;
		};
/* End XCBuildConfiguration section */

/* Begin XCConfigurationList section */
		4042CCBD1D54426200007A87 /* Build configuration list for PBXProject "Where Am I" */ = {
			isa = XCConfigurationList;
			buildConfigurations = (
				4042CCD21D54426200007A87 /* Debug */,
				4042CCD31D54426200007A87 /* Release */,
			);
			defaultConfigurationIsVisible = 0;
			defaultConfigurationName = Release;
		};
		4042CCD41D54426200007A87 /* Build configuration list for PBXNativeTarget "Where Am I" */ = {
			isa = XCConfigurationList;
			buildConfigurations = (
				4042CCD51D54426200007A87 /* Debug */,
				4042CCD61D54426200007A87 /* Release */,
			);
			defaultConfigurationIsVisible = 0;
		};
/* End XCConfigurationList section */
	};
	rootObject = 4042CCBA1D54426200007A87 /* Project object */;
}
